
Microsoft Visual Studio Solution File, Format Version 12.00
# Visual Studio Version 17
VisualStudioVersion = 17.10.34928.147
MinimumVisualStudioVersion = 10.0.40219.1
Project("{FAE04EC0-301F-11D3-BF4B-00C04F79EFBC}") = "ExcelCheckService", "ExcelCheckService\ExcelCheckService.csproj", "{96A51610-A6ED-4CF3-8427-839AABF8BE06}"
EndProject
Global
	GlobalSection(SolutionConfigurationPlatforms) = preSolution
		Debug|Any CPU = Debug|Any CPU
		Release|Any CPU = Release|Any CPU
	EndGlobalSection
	GlobalSection(ProjectConfigurationPlatforms) = postSolution
		{96A51610-A6ED-4CF3-8427-839AABF8BE06}.Debug|Any CPU.ActiveCfg = Debug|Any CPU
		{96A51610-A6ED-4CF3-8427-839AABF8BE06}.Debug|Any CPU.Build.0 = Debug|Any CPU
		{96A51610-A6ED-4CF3-8427-839AABF8BE06}.Release|Any CPU.ActiveCfg = Release|Any CPU
		{96A51610-A6ED-4CF3-8427-839AABF8BE06}.Release|Any CPU.Build.0 = Release|Any CPU
	EndGlobalSection
	GlobalSection(SolutionProperties) = preSolution
		HideSolutionNode = FALSE
	EndGlobalSection
	GlobalSection(ExtensibilityGlobals) = postSolution
		SolutionGuid = {25E6CE0F-9760-4767-9B2C-C4582D5BB400}
	EndGlobalSection
EndGlobal
